PODS:
  - Alamofire (4.9.1)
  - MealMate-Swift (0.0.1):
    - Alamofire (~> 4.4)
    - SwiftyJSON
  - SwiftyJSON (5.0.1)

DEPENDENCIES:
  - MealMate-Swift (from `../`)

SPEC REPOS:
  trunk:
    - Alamofire
    - SwiftyJSON

EXTERNAL SOURCES:
  MealMate-Swift:
    :path: "../"

SPEC CHECKSUMS:
  Alamofire: 85e8a02c69d6020a0d734f6054870d7ecb75cf18
  MealMate-Swift: 43917a833ea6c4331c89c5c9256007fb34712b47
  SwiftyJSON: 2f33a42c6fbc52764d96f13368585094bfd8aa5e

PODFILE CHECKSUM: e8aab56128f38b826db0dabf20b3408d32bc0b49

COCOAPODS: 1.11.3
